// !$*UTF8*$!
{
	archiveVersion = 1;
	classes = {
	};
	objectVersion = 56;
	objects = {

/* Begin PBXBuildFile section */
		C507595C2A029C6F00D7182E /* RestaurantDetailView.swift in Sources */ = {isa = PBXBuildFile; fileRef = C507595B2A029C6E00D7182E /* RestaurantDetailView.swift */; };
		C507595E2A02AC9800D7182E /* KeywordTagsView.swift in Sources */ = {isa = PBXBuildFile; fileRef = C507595D2A02AC9800D7182E /* KeywordTagsView.swift */; };
		C58F418429FDD7F900A98B2F /* StartView.swift in Sources */ = {isa = PBXBuildFile; fileRef = C58F418329FDD7F900A98B2F /* StartView.swift */; };
		C58F418929FDD84100A98B2F /* BackgroundModifier.swift in Sources */ = {isa = PBXBuildFile; fileRef = C58F418829FDD84100A98B2F /* BackgroundModifier.swift */; };
		C58F418C29FDE8C600A98B2F /* KakaoSDKAuth in Frameworks */ = {isa = PBXBuildFile; productRef = C58F418B29FDE8C600A98B2F /* KakaoSDKAuth */; };
		C58F418E29FDE8C600A98B2F /* KakaoSDKCommon in Frameworks */ = {isa = PBXBuildFile; productRef = C58F418D29FDE8C600A98B2F /* KakaoSDKCommon */; };
		C58F419029FDE8C600A98B2F /* KakaoSDKUser in Frameworks */ = {isa = PBXBuildFile; productRef = C58F418F29FDE8C600A98B2F /* KakaoSDKUser */; };
		C58F419329FF9E5400A98B2F /* MenuView.swift in Sources */ = {isa = PBXBuildFile; fileRef = C58F419229FF9E5400A98B2F /* MenuView.swift */; };
		C58F419829FFB52D00A98B2F /* UserViewModel.swift in Sources */ = {isa = PBXBuildFile; fileRef = C58F419729FFB52D00A98B2F /* UserViewModel.swift */; };
		C58F419A29FFC17C00A98B2F /* CherryPickView.swift in Sources */ = {isa = PBXBuildFile; fileRef = C58F419929FFC17C00A98B2F /* CherryPickView.swift */; };
		C59D211B29C9D83A00275DBA /* CherryPickerApp.swift in Sources */ = {isa = PBXBuildFile; fileRef = C59D211A29C9D83A00275DBA /* CherryPickerApp.swift */; };
		C59D211F29C9D83B00275DBA /* Assets.xcassets in Resources */ = {isa = PBXBuildFile; fileRef = C59D211E29C9D83B00275DBA /* Assets.xcassets */; };
		C59D212229C9D83B00275DBA /* Preview Assets.xcassets in Resources */ = {isa = PBXBuildFile; fileRef = C59D212129C9D83B00275DBA /* Preview Assets.xcassets */; };
		C5DF79782A0363780061DAD0 /* AppView.swift in Sources */ = {isa = PBXBuildFile; fileRef = C5DF79772A0363780061DAD0 /* AppView.swift */; };
		C5FFC65E2A076E9100933C9D /* UserPreferenceView.swift in Sources */ = {isa = PBXBuildFile; fileRef = C5FFC65D2A076E9100933C9D /* UserPreferenceView.swift */; };
		C5FFC6622A07B53100933C9D /* RadarChartView.swift in Sources */ = {isa = PBXBuildFile; fileRef = C5FFC6612A07B53100933C9D /* RadarChartView.swift */; };
/* End PBXBuildFile section */

/* Begin PBXFileReference section */
		C507595B2A029C6E00D7182E /* RestaurantDetailView.swift */ = {isa = PBXFileReference; lastKnownFileType = sourcecode.swift; path = RestaurantDetailView.swift; sourceTree = "<group>"; };
		C507595D2A02AC9800D7182E /* KeywordTagsView.swift */ = {isa = PBXFileReference; lastKnownFileType = sourcecode.swift; path = KeywordTagsView.swift; sourceTree = "<group>"; };
		C58F418329FDD7F900A98B2F /* StartView.swift */ = {isa = PBXFileReference; lastKnownFileType = sourcecode.swift; path = StartView.swift; sourceTree = "<group>"; };
		C58F418829FDD84100A98B2F /* BackgroundModifier.swift */ = {isa = PBXFileReference; lastKnownFileType = sourcecode.swift; path = BackgroundModifier.swift; sourceTree = "<group>"; };
		C58F419129FDEA5300A98B2F /* Info.plist */ = {isa = PBXFileReference; lastKnownFileType = text.plist; path = Info.plist; sourceTree = "<group>"; };
		C58F419229FF9E5400A98B2F /* MenuView.swift */ = {isa = PBXFileReference; lastKnownFileType = sourcecode.swift; path = MenuView.swift; sourceTree = "<group>"; };
		C58F419729FFB52D00A98B2F /* UserViewModel.swift */ = {isa = PBXFileReference; lastKnownFileType = sourcecode.swift; path = UserViewModel.swift; sourceTree = "<group>"; };
		C58F419929FFC17C00A98B2F /* CherryPickView.swift */ = {isa = PBXFileReference; lastKnownFileType = sourcecode.swift; path = CherryPickView.swift; sourceTree = "<group>"; };
		C59D211729C9D83A00275DBA /* CherryPicker.app */ = {isa = PBXFileReference; explicitFileType = wrapper.application; includeInIndex = 0; path = CherryPicker.app; sourceTree = BUILT_PRODUCTS_DIR; };
		C59D211A29C9D83A00275DBA /* CherryPickerApp.swift */ = {isa = PBXFileReference; lastKnownFileType = sourcecode.swift; path = CherryPickerApp.swift; sourceTree = "<group>"; };
		C59D211E29C9D83B00275DBA /* Assets.xcassets */ = {isa = PBXFileReference; lastKnownFileType = folder.assetcatalog; path = Assets.xcassets; sourceTree = "<group>"; };
		C59D212129C9D83B00275DBA /* Preview Assets.xcassets */ = {isa = PBXFileReference; lastKnownFileType = folder.assetcatalog; path = "Preview Assets.xcassets"; sourceTree = "<group>"; };
		C5DF79772A0363780061DAD0 /* AppView.swift */ = {isa = PBXFileReference; lastKnownFileType = sourcecode.swift; path = AppView.swift; sourceTree = "<group>"; };
		C5FFC65D2A076E9100933C9D /* UserPreferenceView.swift */ = {isa = PBXFileReference; lastKnownFileType = sourcecode.swift; path = UserPreferenceView.swift; sourceTree = "<group>"; };
		C5FFC6612A07B53100933C9D /* RadarChartView.swift */ = {isa = PBXFileReference; lastKnownFileType = sourcecode.swift; path = RadarChartView.swift; sourceTree = "<group>"; };
/* End PBXFileReference section */

/* Begin PBXFrameworksBuildPhase section */
		C59D211429C9D83A00275DBA /* Frameworks */ = {
			isa = PBXFrameworksBuildPhase;
			buildActionMask = 2147483647;
			files = (
				C58F418E29FDE8C600A98B2F /* KakaoSDKCommon in Frameworks */,
				C58F418C29FDE8C600A98B2F /* KakaoSDKAuth in Frameworks */,
				C58F419029FDE8C600A98B2F /* KakaoSDKUser in Frameworks */,
			);
			runOnlyForDeploymentPostprocessing = 0;
		};
/* End PBXFrameworksBuildPhase section */

/* Begin PBXGroup section */
		C58F418229FDD7DF00A98B2F /* View */ = {
			isa = PBXGroup;
			children = (
				C58F418329FDD7F900A98B2F /* StartView.swift */,
				C58F419229FF9E5400A98B2F /* MenuView.swift */,
				C5FFC65D2A076E9100933C9D /* UserPreferenceView.swift */,
				C58F419929FFC17C00A98B2F /* CherryPickView.swift */,
				C507595B2A029C6E00D7182E /* RestaurantDetailView.swift */,
				C507595D2A02AC9800D7182E /* KeywordTagsView.swift */,
				C5DF79772A0363780061DAD0 /* AppView.swift */,
				C5FFC6612A07B53100933C9D /* RadarChartView.swift */,
			);
			path = View;
			sourceTree = "<group>";
		};
		C58F418529FDD81400A98B2F /* Modifier */ = {
			isa = PBXGroup;
			children = (
				C58F418829FDD84100A98B2F /* BackgroundModifier.swift */,
			);
			path = Modifier;
			sourceTree = "<group>";
		};
		C58F419629FFB51400A98B2F /* ViewModel */ = {
			isa = PBXGroup;
			children = (
				C58F419729FFB52D00A98B2F /* UserViewModel.swift */,
			);
			path = ViewModel;
			sourceTree = "<group>";
		};
		C59D210E29C9D83A00275DBA = {
			isa = PBXGroup;
			children = (
				C59D211929C9D83A00275DBA /* CherryPicker */,
				C59D211829C9D83A00275DBA /* Products */,
			);
			sourceTree = "<group>";
		};
		C59D211829C9D83A00275DBA /* Products */ = {
			isa = PBXGroup;
			children = (
				C59D211729C9D83A00275DBA /* CherryPicker.app */,
			);
			name = Products;
			sourceTree = "<group>";
		};
		C59D211929C9D83A00275DBA /* CherryPicker */ = {
			isa = PBXGroup;
			children = (
				C58F419129FDEA5300A98B2F /* Info.plist */,
				C58F419629FFB51400A98B2F /* ViewModel */,
				C58F418529FDD81400A98B2F /* Modifier */,
				C58F418229FDD7DF00A98B2F /* View */,
				C59D211A29C9D83A00275DBA /* CherryPickerApp.swift */,
				C59D211E29C9D83B00275DBA /* Assets.xcassets */,
				C59D212029C9D83B00275DBA /* Preview Content */,
			);
			path = CherryPicker;
			sourceTree = "<group>";
		};
		C59D212029C9D83B00275DBA /* Preview Content */ = {
			isa = PBXGroup;
			children = (
				C59D212129C9D83B00275DBA /* Preview Assets.xcassets */,
			);
			path = "Preview Content";
			sourceTree = "<group>";
		};
/* End PBXGroup section */

/* Begin PBXNativeTarget section */
		C59D211629C9D83A00275DBA /* CherryPicker */ = {
			isa = PBXNativeTarget;
			buildConfigurationList = C59D212529C9D83B00275DBA /* Build configuration list for PBXNativeTarget "CherryPicker" */;
			buildPhases = (
				C59D211329C9D83A00275DBA /* Sources */,
				C59D211429C9D83A00275DBA /* Frameworks */,
				C59D211529C9D83A00275DBA /* Resources */,
			);
			buildRules = (
			);
			dependencies = (
			);
			name = CherryPicker;
			packageProductDependencies = (
				C58F418B29FDE8C600A98B2F /* KakaoSDKAuth */,
				C58F418D29FDE8C600A98B2F /* KakaoSDKCommon */,
				C58F418F29FDE8C600A98B2F /* KakaoSDKUser */,
			);
			productName = CherryPicker;
			productReference = C59D211729C9D83A00275DBA /* CherryPicker.app */;
			productType = "com.apple.product-type.application";
		};
/* End PBXNativeTarget section */

/* Begin PBXProject section */
		C59D210F29C9D83A00275DBA /* Project object */ = {
			isa = PBXProject;
			attributes = {
				BuildIndependentTargetsInParallel = 1;
				LastSwiftUpdateCheck = 1420;
				LastUpgradeCheck = 1420;
				TargetAttributes = {
					C59D211629C9D83A00275DBA = {
						CreatedOnToolsVersion = 14.2;
					};
				};
			};
			buildConfigurationList = C59D211229C9D83A00275DBA /* Build configuration list for PBXProject "CherryPicker" */;
			compatibilityVersion = "Xcode 14.0";
			developmentRegion = en;
			hasScannedForEncodings = 0;
			knownRegions = (
				en,
				Base,
			);
			mainGroup = C59D210E29C9D83A00275DBA;
			packageReferences = (
				C58F418A29FDE8C600A98B2F /* XCRemoteSwiftPackageReference "kakao-ios-sdk" */,
			);
			productRefGroup = C59D211829C9D83A00275DBA /* Products */;
			projectDirPath = "";
			projectRoot = "";
			targets = (
				C59D211629C9D83A00275DBA /* CherryPicker */,
			);
		};
/* End PBXProject section */

/* Begin PBXResourcesBuildPhase section */
		C59D211529C9D83A00275DBA /* Resources */ = {
			isa = PBXResourcesBuildPhase;
			buildActionMask = 2147483647;
			files = (
				C59D212229C9D83B00275DBA /* Preview Assets.xcassets in Resources */,
				C59D211F29C9D83B00275DBA /* Assets.xcassets in Resources */,
			);
			runOnlyForDeploymentPostprocessing = 0;
		};
/* End PBXResourcesBuildPhase section */

/* Begin PBXSourcesBuildPhase section */
		C59D211329C9D83A00275DBA /* Sources */ = {
			isa = PBXSourcesBuildPhase;
			buildActionMask = 2147483647;
			files = (
				C5FFC65E2A076E9100933C9D /* UserPreferenceView.swift in Sources */,
				C58F419A29FFC17C00A98B2F /* CherryPickView.swift in Sources */,
				C507595C2A029C6F00D7182E /* RestaurantDetailView.swift in Sources */,
				C5DF79782A0363780061DAD0 /* AppView.swift in Sources */,
				C58F418429FDD7F900A98B2F /* StartView.swift in Sources */,
				C58F419329FF9E5400A98B2F /* MenuView.swift in Sources */,
				C58F418929FDD84100A98B2F /* BackgroundModifier.swift in Sources */,
				C58F419829FFB52D00A98B2F /* UserViewModel.swift in Sources */,
				C59D211B29C9D83A00275DBA /* CherryPickerApp.swift in Sources */,
				C507595E2A02AC9800D7182E /* KeywordTagsView.swift in Sources */,
				C5FFC6622A07B53100933C9D /* RadarChartView.swift in Sources */,
			);
			runOnlyForDeploymentPostprocessing = 0;
		};
/* End PBXSourcesBuildPhase section */

/* Begin XCBuildConfiguration section */
		C59D212329C9D83B00275DBA /* Debug */ = {
			isa = XCBuildConfiguration;
			buildSettings = {
				ALWAYS_SEARCH_USER_PATHS = NO;
				CLANG_ANALYZER_NONNULL = YES;
				CLANG_ANALYZER_NUMBER_OBJECT_CONVERSION = YES_AGGRESSIVE;
				CLANG_CXX_LANGUAGE_STANDARD = "gnu++20";
				CLANG_ENABLE_MODULES = YES;
				CLANG_ENABLE_OBJC_ARC = YES;
				CLANG_ENABLE_OBJC_WEAK = YES;
				CLANG_WARN_BLOCK_CAPTURE_AUTORELEASING = YES;
				CLANG_WARN_BOOL_CONVERSION = YES;
				CLANG_WARN_COMMA = YES;
				CLANG_WARN_CONSTANT_CONVERSION = YES;
				CLANG_WARN_DEPRECATED_OBJC_IMPLEMENTATIONS = YES;
				CLANG_WARN_DIRECT_OBJC_ISA_USAGE = YES_ERROR;
				CLANG_WARN_DOCUMENTATION_COMMENTS = YES;
				CLANG_WARN_EMPTY_BODY = YES;
				CLANG_WARN_ENUM_CONVERSION = YES;
				CLANG_WARN_INFINITE_RECURSION = YES;
				CLANG_WARN_INT_CONVERSION = YES;
				CLANG_WARN_NON_LITERAL_NULL_CONVERSION = YES;
				CLANG_WARN_OBJC_IMPLICIT_RETAIN_SELF = YES;
				CLANG_WARN_OBJC_LITERAL_CONVERSION = YES;
				CLANG_WARN_OBJC_ROOT_CLASS = YES_ERROR;
				CLANG_WARN_QUOTED_INCLUDE_IN_FRAMEWORK_HEADER = YES;
				CLANG_WARN_RANGE_LOOP_ANALYSIS = YES;
				CLANG_WARN_STRICT_PROTOTYPES = YES;
				CLANG_WARN_SUSPICIOUS_MOVE = YES;
				CLANG_WARN_UNGUARDED_AVAILABILITY = YES_AGGRESSIVE;
				CLANG_WARN_UNREACHABLE_CODE = YES;
				CLANG_WARN__DUPLICATE_METHOD_MATCH = YES;
				COPY_PHASE_STRIP = NO;
				DEBUG_INFORMATION_FORMAT = dwarf;
				ENABLE_STRICT_OBJC_MSGSEND = YES;
				ENABLE_TESTABILITY = YES;
				GCC_C_LANGUAGE_STANDARD = gnu11;
				GCC_DYNAMIC_NO_PIC = NO;
				GCC_NO_COMMON_BLOCKS = YES;
				GCC_OPTIMIZATION_LEVEL = 0;
				GCC_PREPROCESSOR_DEFINITIONS = (
					"DEBUG=1",
					"$(inherited)",
				);
				GCC_WARN_64_TO_32_BIT_CONVERSION = YES;
				GCC_WARN_ABOUT_RETURN_TYPE = YES_ERROR;
				GCC_WARN_UNDECLARED_SELECTOR = YES;
				GCC_WARN_UNINITIALIZED_AUTOS = YES_AGGRESSIVE;
				GCC_WARN_UNUSED_FUNCTION = YES;
				GCC_WARN_UNUSED_VARIABLE = YES;
				IPHONEOS_DEPLOYMENT_TARGET = 16.2;
				MTL_ENABLE_DEBUG_INFO = INCLUDE_SOURCE;
				MTL_FAST_MATH = YES;
				ONLY_ACTIVE_ARCH = YES;
				SDKROOT = iphoneos;
				SWIFT_ACTIVE_COMPILATION_CONDITIONS = DEBUG;
				SWIFT_OPTIMIZATION_LEVEL = "-Onone";
			};
			name = Debug;
		};
		C59D212429C9D83B00275DBA /* Release */ = {
			isa = XCBuildConfiguration;
			buildSettings = {
				ALWAYS_SEARCH_USER_PATHS = NO;
				CLANG_ANALYZER_NONNULL = YES;
				CLANG_ANALYZER_NUMBER_OBJECT_CONVERSION = YES_AGGRESSIVE;
				CLANG_CXX_LANGUAGE_STANDARD = "gnu++20";
				CLANG_ENABLE_MODULES = YES;
				CLANG_ENABLE_OBJC_ARC = YES;
				CLANG_ENABLE_OBJC_WEAK = YES;
				CLANG_WARN_BLOCK_CAPTURE_AUTORELEASING = YES;
				CLANG_WARN_BOOL_CONVERSION = YES;
				CLANG_WARN_COMMA = YES;
				CLANG_WARN_CONSTANT_CONVERSION = YES;
				CLANG_WARN_DEPRECATED_OBJC_IMPLEMENTATIONS = YES;
				CLANG_WARN_DIRECT_OBJC_ISA_USAGE = YES_ERROR;
				CLANG_WARN_DOCUMENTATION_COMMENTS = YES;
				CLANG_WARN_EMPTY_BODY = YES;
				CLANG_WARN_ENUM_CONVERSION = YES;
				CLANG_WARN_INFINITE_RECURSION = YES;
				CLANG_WARN_INT_CONVERSION = YES;
				CLANG_WARN_NON_LITERAL_NULL_CONVERSION = YES;
				CLANG_WARN_OBJC_IMPLICIT_RETAIN_SELF = YES;
				CLANG_WARN_OBJC_LITERAL_CONVERSION = YES;
				CLANG_WARN_OBJC_ROOT_CLASS = YES_ERROR;
				CLANG_WARN_QUOTED_INCLUDE_IN_FRAMEWORK_HEADER = YES;
				CLANG_WARN_RANGE_LOOP_ANALYSIS = YES;
				CLANG_WARN_STRICT_PROTOTYPES = YES;
				CLANG_WARN_SUSPICIOUS_MOVE = YES;
				CLANG_WARN_UNGUARDED_AVAILABILITY = YES_AGGRESSIVE;
				CLANG_WARN_UNREACHABLE_CODE = YES;
				CLANG_WARN__DUPLICATE_METHOD_MATCH = YES;
				COPY_PHASE_STRIP = NO;
				DEBUG_INFORMATION_FORMAT = "dwarf-with-dsym";
				ENABLE_NS_ASSERTIONS = NO;
				ENABLE_STRICT_OBJC_MSGSEND = YES;
				GCC_C_LANGUAGE_STANDARD = gnu11;
				GCC_NO_COMMON_BLOCKS = YES;
				GCC_WARN_64_TO_32_BIT_CONVERSION = YES;
				GCC_WARN_ABOUT_RETURN_TYPE = YES_ERROR;
				GCC_WARN_UNDECLARED_SELECTOR = YES;
				GCC_WARN_UNINITIALIZED_AUTOS = YES_AGGRESSIVE;
				GCC_WARN_UNUSED_FUNCTION = YES;
				GCC_WARN_UNUSED_VARIABLE = YES;
				IPHONEOS_DEPLOYMENT_TARGET = 16.2;
				MTL_ENABLE_DEBUG_INFO = NO;
				MTL_FAST_MATH = YES;
				SDKROOT = iphoneos;
				SWIFT_COMPILATION_MODE = wholemodule;
				SWIFT_OPTIMIZATION_LEVEL = "-O";
				VALIDATE_PRODUCT = YES;
			};
			name = Release;
		};
		C59D212629C9D83B00275DBA /* Debug */ = {
			isa = XCBuildConfiguration;
			buildSettings = {
				ASSETCATALOG_COMPILER_APPICON_NAME = AppIcon;
				ASSETCATALOG_COMPILER_GLOBAL_ACCENT_COLOR_NAME = AccentColor;
				CODE_SIGN_STYLE = Automatic;
				CURRENT_PROJECT_VERSION = 1;
				DEVELOPMENT_ASSET_PATHS = "\"CherryPicker/Preview Content\"";
				DEVELOPMENT_TEAM = FNC65X95VM;
				ENABLE_PREVIEWS = YES;
				GENERATE_INFOPLIST_FILE = YES;
				INFOPLIST_FILE = CherryPicker/Info.plist;
				INFOPLIST_KEY_CFBundleDisplayName = "체리피커";
				INFOPLIST_KEY_UIApplicationSceneManifest_Generation = YES;
				INFOPLIST_KEY_UIApplicationSupportsIndirectInputEvents = YES;
				INFOPLIST_KEY_UILaunchScreen_Generation = YES;
				INFOPLIST_KEY_UISupportedInterfaceOrientations_iPad = "UIInterfaceOrientationPortrait UIInterfaceOrientationPortraitUpsideDown UIInterfaceOrientationLandscapeLeft UIInterfaceOrientationLandscapeRight";
				INFOPLIST_KEY_UISupportedInterfaceOrientations_iPhone = "UIInterfaceOrientationPortrait UIInterfaceOrientationLandscapeLeft UIInterfaceOrientationLandscapeRight";
				IPHONEOS_DEPLOYMENT_TARGET = 16.0;
				LD_RUNPATH_SEARCH_PATHS = (
					"$(inherited)",
					"@executable_path/Frameworks",
				);
				MARKETING_VERSION = 1.0.0;
				PRODUCT_BUNDLE_IDENTIFIER = com.CherryPickerTeam.CherryPicker;
				PRODUCT_NAME = "$(TARGET_NAME)";
				SWIFT_EMIT_LOC_STRINGS = YES;
				SWIFT_VERSION = 5.0;
				TARGETED_DEVICE_FAMILY = "1,2";
			};
			name = Debug;
		};
		C59D212729C9D83B00275DBA /* Release */ = {
			isa = XCBuildConfiguration;
			buildSettings = {
				ASSETCATALOG_COMPILER_APPICON_NAME = AppIcon;
				ASSETCATALOG_COMPILER_GLOBAL_ACCENT_COLOR_NAME = AccentColor;
				CODE_SIGN_STYLE = Automatic;
				CURRENT_PROJECT_VERSION = 1;
				DEVELOPMENT_ASSET_PATHS = "\"CherryPicker/Preview Content\"";
				DEVELOPMENT_TEAM = FNC65X95VM;
				ENABLE_PREVIEWS = YES;
				GENERATE_INFOPLIST_FILE = YES;
				INFOPLIST_FILE = CherryPicker/Info.plist;
				INFOPLIST_KEY_CFBundleDisplayName = "체리피커";
				INFOPLIST_KEY_UIApplicationSceneManifest_Generation = YES;
				INFOPLIST_KEY_UIApplicationSupportsIndirectInputEvents = YES;
				INFOPLIST_KEY_UILaunchScreen_Generation = YES;
				INFOPLIST_KEY_UISupportedInterfaceOrientations_iPad = "UIInterfaceOrientationPortrait UIInterfaceOrientationPortraitUpsideDown UIInterfaceOrientationLandscapeLeft UIInterfaceOrientationLandscapeRight";
				INFOPLIST_KEY_UISupportedInterfaceOrientations_iPhone = "UIInterfaceOrientationPortrait UIInterfaceOrientationLandscapeLeft UIInterfaceOrientationLandscapeRight";
				IPHONEOS_DEPLOYMENT_TARGET = 16.0;
				LD_RUNPATH_SEARCH_PATHS = (
					"$(inherited)",
					"@executable_path/Frameworks",
				);
				MARKETING_VERSION = 1.0.0;
				PRODUCT_BUNDLE_IDENTIFIER = com.CherryPickerTeam.CherryPicker;
				PRODUCT_NAME = "$(TARGET_NAME)";
				SWIFT_EMIT_LOC_STRINGS = YES;
				SWIFT_VERSION = 5.0;
				TARGETED_DEVICE_FAMILY = "1,2";
			};
			name = Release;
		};
/* End XCBuildConfiguration section */

/* Begin XCConfigurationList section */
		C59D211229C9D83A00275DBA /* Build configuration list for PBXProject "CherryPicker" */ = {
			isa = XCConfigurationList;
			buildConfigurations = (
				C59D212329C9D83B00275DBA /* Debug */,
				C59D212429C9D83B00275DBA /* Release */,
			);
			defaultConfigurationIsVisible = 0;
			defaultConfigurationName = Release;
		};
		C59D212529C9D83B00275DBA /* Build configuration list for PBXNativeTarget "CherryPicker" */ = {
			isa = XCConfigurationList;
			buildConfigurations = (
				C59D212629C9D83B00275DBA /* Debug */,
				C59D212729C9D83B00275DBA /* Release */,
			);
			defaultConfigurationIsVisible = 0;
			defaultConfigurationName = Release;
		};
/* End XCConfigurationList section */

/* Begin XCRemoteSwiftPackageReference section */
		C58F418A29FDE8C600A98B2F /* XCRemoteSwiftPackageReference "kakao-ios-sdk" */ = {
			isa = XCRemoteSwiftPackageReference;
			repositoryURL = "https://github.com/kakao/kakao-ios-sdk";
			requirement = {
				kind = upToNextMajorVersion;
				minimumVersion = 2.0.0;
			};
		};
/* End XCRemoteSwiftPackageReference section */

/* Begin XCSwiftPackageProductDependency section */
		C58F418B29FDE8C600A98B2F /* KakaoSDKAuth */ = {
			isa = XCSwiftPackageProductDependency;
			package = C58F418A29FDE8C600A98B2F /* XCRemoteSwiftPackageReference "kakao-ios-sdk" */;
			productName = KakaoSDKAuth;
		};
		C58F418D29FDE8C600A98B2F /* KakaoSDKCommon */ = {
			isa = XCSwiftPackageProductDependency;
			package = C58F418A29FDE8C600A98B2F /* XCRemoteSwiftPackageReference "kakao-ios-sdk" */;
			productName = KakaoSDKCommon;
		};
		C58F418F29FDE8C600A98B2F /* KakaoSDKUser */ = {
			isa = XCSwiftPackageProductDependency;
			package = C58F418A29FDE8C600A98B2F /* XCRemoteSwiftPackageReference "kakao-ios-sdk" */;
			productName = KakaoSDKUser;
		};
/* End XCSwiftPackageProductDependency section */
	};
	rootObject = C59D210F29C9D83A00275DBA /* Project object */;
}
