// !$*UTF8*$!
{
	archiveVersion = 1;
	classes = {
	};
	objectVersion = 56;
	objects = {

/* Begin PBXBuildFile section */
		C507595C2A029C6F00D7182E /* RestaurantDetailView.swift in Sources */ = {isa = PBXBuildFile; fileRef = C507595B2A029C6E00D7182E /* RestaurantDetailView.swift */; };
		C507595E2A02AC9800D7182E /* KeywordTagsView.swift in Sources */ = {isa = PBXBuildFile; fileRef = C507595D2A02AC9800D7182E /* KeywordTagsView.swift */; };
		C50989CC2A20678800CC1C23 /* ErrorViewModifier.swift in Sources */ = {isa = PBXBuildFile; fileRef = C50989CB2A20678800CC1C23 /* ErrorViewModifier.swift */; };
		C5550F4E2A09EF3B005F9335 /* RestaurantListView.swift in Sources */ = {isa = PBXBuildFile; fileRef = C5550F4D2A09EF3B005F9335 /* RestaurantListView.swift */; };
		C57C261B2A1F484F00E73FCB /* PreviewModel.swift in Sources */ = {isa = PBXBuildFile; fileRef = C57C261A2A1F484F00E73FCB /* PreviewModel.swift */; };
		C57C261D2A1F4AEF00E73FCB /* TagTitle.swift in Sources */ = {isa = PBXBuildFile; fileRef = C57C261C2A1F4AEF00E73FCB /* TagTitle.swift */; };
		C57C261F2A1F51F800E73FCB /* ShopClipping.swift in Sources */ = {isa = PBXBuildFile; fileRef = C57C261E2A1F51F800E73FCB /* ShopClipping.swift */; };
		C57FFDF62A175D80008FB923 /* VerticalPageTabView.swift in Sources */ = {isa = PBXBuildFile; fileRef = C57FFDF52A175D80008FB923 /* VerticalPageTabView.swift */; };
		C58C0DE62A1DEB7200167C8E /* LoginResponse.swift in Sources */ = {isa = PBXBuildFile; fileRef = C58C0DE52A1DEB7200167C8E /* LoginResponse.swift */; };
		C58C0DEA2A1DEC6500167C8E /* APIService.swift in Sources */ = {isa = PBXBuildFile; fileRef = C58C0DE92A1DEC6500167C8E /* APIService.swift */; };
		C58C0DEC2A1DEC6E00167C8E /* APIError.swift in Sources */ = {isa = PBXBuildFile; fileRef = C58C0DEB2A1DEC6E00167C8E /* APIError.swift */; };
		C58C0DEE2A1E328400167C8E /* UserRequest.swift in Sources */ = {isa = PBXBuildFile; fileRef = C58C0DED2A1E328400167C8E /* UserRequest.swift */; };
		C58C0DF02A1E33F100167C8E /* UserPreferenceStartResponse.swift in Sources */ = {isa = PBXBuildFile; fileRef = C58C0DEF2A1E33F100167C8E /* UserPreferenceStartResponse.swift */; };
		C58C0DF22A1E389700167C8E /* UserPreferenceRequest.swift in Sources */ = {isa = PBXBuildFile; fileRef = C58C0DF12A1E389700167C8E /* UserPreferenceRequest.swift */; };
		C58C0DF42A1E38E300167C8E /* UserPrefereceResponse.swift in Sources */ = {isa = PBXBuildFile; fileRef = C58C0DF32A1E38E300167C8E /* UserPrefereceResponse.swift */; };
		C58C0DF62A1E3BC700167C8E /* GameStartRequest.swift in Sources */ = {isa = PBXBuildFile; fileRef = C58C0DF52A1E3BC700167C8E /* GameStartRequest.swift */; };
		C58C0DF82A1E3C2400167C8E /* TagPair.swift in Sources */ = {isa = PBXBuildFile; fileRef = C58C0DF72A1E3C2400167C8E /* TagPair.swift */; };
		C58C0DFA2A1E3CDA00167C8E /* GameResponse.swift in Sources */ = {isa = PBXBuildFile; fileRef = C58C0DF92A1E3CDA00167C8E /* GameResponse.swift */; };
		C58C0DFC2A1E3E8B00167C8E /* GameRequest.swift in Sources */ = {isa = PBXBuildFile; fileRef = C58C0DFB2A1E3E8B00167C8E /* GameRequest.swift */; };
		C58C0DFE2A1E3F2100167C8E /* ShopCardResponse.swift in Sources */ = {isa = PBXBuildFile; fileRef = C58C0DFD2A1E3F2100167C8E /* ShopCardResponse.swift */; };
		C58C0E002A1E3F6300167C8E /* ShopDetailResponse.swift in Sources */ = {isa = PBXBuildFile; fileRef = C58C0DFF2A1E3F6300167C8E /* ShopDetailResponse.swift */; };
		C58C0E022A1E413C00167C8E /* GameEndResponse.swift in Sources */ = {isa = PBXBuildFile; fileRef = C58C0E012A1E413C00167C8E /* GameEndResponse.swift */; };
		C58C0E042A1E46CC00167C8E /* ShopOrClippingRequest.swift in Sources */ = {isa = PBXBuildFile; fileRef = C58C0E032A1E46CC00167C8E /* ShopOrClippingRequest.swift */; };
		C58C0E062A1E48DB00167C8E /* SimpleShopRequest.swift in Sources */ = {isa = PBXBuildFile; fileRef = C58C0E052A1E48DB00167C8E /* SimpleShopRequest.swift */; };
		C58C0E082A1E49BE00167C8E /* SimpleShopResponse.swift in Sources */ = {isa = PBXBuildFile; fileRef = C58C0E072A1E49BE00167C8E /* SimpleShopResponse.swift */; };
		C58C0E0A2A1F06B200167C8E /* UserAnalyzeResponse.swift in Sources */ = {isa = PBXBuildFile; fileRef = C58C0E092A1F06B200167C8E /* UserAnalyzeResponse.swift */; };
		C58C0E0C2A1F06C700167C8E /* ShopSimple.swift in Sources */ = {isa = PBXBuildFile; fileRef = C58C0E0B2A1F06C700167C8E /* ShopSimple.swift */; };
		C58C0E0E2A1F094000167C8E /* UserNicknameResponse.swift in Sources */ = {isa = PBXBuildFile; fileRef = C58C0E0D2A1F094000167C8E /* UserNicknameResponse.swift */; };
		C58C0E102A1F0A3200167C8E /* UserNicknameChangeRequest.swift in Sources */ = {isa = PBXBuildFile; fileRef = C58C0E0F2A1F0A3200167C8E /* UserNicknameChangeRequest.swift */; };
		C58C0E122A1F0AA900167C8E /* UserNicknameChangeResponse.swift in Sources */ = {isa = PBXBuildFile; fileRef = C58C0E112A1F0AA900167C8E /* UserNicknameChangeResponse.swift */; };
		C58C0E182A1F107400167C8E /* CilppingDoResponse.swift in Sources */ = {isa = PBXBuildFile; fileRef = C58C0E172A1F107400167C8E /* CilppingDoResponse.swift */; };
		C58C0E1A2A1F167200167C8E /* APIFunction.swift in Sources */ = {isa = PBXBuildFile; fileRef = C58C0E192A1F167200167C8E /* APIFunction.swift */; };
		C58F418429FDD7F900A98B2F /* StartView.swift in Sources */ = {isa = PBXBuildFile; fileRef = C58F418329FDD7F900A98B2F /* StartView.swift */; };
		C58F418929FDD84100A98B2F /* BackgroundModifier.swift in Sources */ = {isa = PBXBuildFile; fileRef = C58F418829FDD84100A98B2F /* BackgroundModifier.swift */; };
		C58F418C29FDE8C600A98B2F /* KakaoSDKAuth in Frameworks */ = {isa = PBXBuildFile; productRef = C58F418B29FDE8C600A98B2F /* KakaoSDKAuth */; };
		C58F418E29FDE8C600A98B2F /* KakaoSDKCommon in Frameworks */ = {isa = PBXBuildFile; productRef = C58F418D29FDE8C600A98B2F /* KakaoSDKCommon */; };
		C58F419029FDE8C600A98B2F /* KakaoSDKUser in Frameworks */ = {isa = PBXBuildFile; productRef = C58F418F29FDE8C600A98B2F /* KakaoSDKUser */; };
		C58F419329FF9E5400A98B2F /* MenuView.swift in Sources */ = {isa = PBXBuildFile; fileRef = C58F419229FF9E5400A98B2F /* MenuView.swift */; };
		C58F419829FFB52D00A98B2F /* UserViewModel.swift in Sources */ = {isa = PBXBuildFile; fileRef = C58F419729FFB52D00A98B2F /* UserViewModel.swift */; };
		C58F419A29FFC17C00A98B2F /* CherryPickView.swift in Sources */ = {isa = PBXBuildFile; fileRef = C58F419929FFC17C00A98B2F /* CherryPickView.swift */; };
		C59D211B29C9D83A00275DBA /* CherryPickerApp.swift in Sources */ = {isa = PBXBuildFile; fileRef = C59D211A29C9D83A00275DBA /* CherryPickerApp.swift */; };
		C59D211F29C9D83B00275DBA /* Assets.xcassets in Resources */ = {isa = PBXBuildFile; fileRef = C59D211E29C9D83B00275DBA /* Assets.xcassets */; };
		C59D212229C9D83B00275DBA /* Preview Assets.xcassets in Resources */ = {isa = PBXBuildFile; fileRef = C59D212129C9D83B00275DBA /* Preview Assets.xcassets */; };
		C5B579752A0A65A10034BA8E /* WithdrawalView.swift in Sources */ = {isa = PBXBuildFile; fileRef = C5B579742A0A65A10034BA8E /* WithdrawalView.swift */; };
		C5B96CB12A1116CB00045C93 /* ParticleEffectModifier.swift in Sources */ = {isa = PBXBuildFile; fileRef = C5B96CB02A1116CB00045C93 /* ParticleEffectModifier.swift */; };
		C5C2D4672A1F89F600266DD8 /* ErrorView.swift in Sources */ = {isa = PBXBuildFile; fileRef = C5C2D4662A1F89F600266DD8 /* ErrorView.swift */; };
		C5C867BB2A1DE46C00BC486E /* APIURL.swift in Sources */ = {isa = PBXBuildFile; fileRef = C5C867BA2A1DE46C00BC486E /* APIURL.swift */; };
		C5DF79782A0363780061DAD0 /* AppView.swift in Sources */ = {isa = PBXBuildFile; fileRef = C5DF79772A0363780061DAD0 /* AppView.swift */; };
		C5F792622A17059C0081F63A /* RollingTextView.swift in Sources */ = {isa = PBXBuildFile; fileRef = C5F792612A17059C0081F63A /* RollingTextView.swift */; };
		C5FFC65E2A076E9100933C9D /* UserPreferenceView.swift in Sources */ = {isa = PBXBuildFile; fileRef = C5FFC65D2A076E9100933C9D /* UserPreferenceView.swift */; };
		C5FFC6622A07B53100933C9D /* RadarChartView.swift in Sources */ = {isa = PBXBuildFile; fileRef = C5FFC6612A07B53100933C9D /* RadarChartView.swift */; };
/* End PBXBuildFile section */

/* Begin PBXFileReference section */
		C507595B2A029C6E00D7182E /* RestaurantDetailView.swift */ = {isa = PBXFileReference; lastKnownFileType = sourcecode.swift; path = RestaurantDetailView.swift; sourceTree = "<group>"; };
		C507595D2A02AC9800D7182E /* KeywordTagsView.swift */ = {isa = PBXFileReference; lastKnownFileType = sourcecode.swift; path = KeywordTagsView.swift; sourceTree = "<group>"; };
		C50989CB2A20678800CC1C23 /* ErrorViewModifier.swift */ = {isa = PBXFileReference; lastKnownFileType = sourcecode.swift; path = ErrorViewModifier.swift; sourceTree = "<group>"; };
		C5550F4D2A09EF3B005F9335 /* RestaurantListView.swift */ = {isa = PBXFileReference; lastKnownFileType = sourcecode.swift; path = RestaurantListView.swift; sourceTree = "<group>"; };
		C57C261A2A1F484F00E73FCB /* PreviewModel.swift */ = {isa = PBXFileReference; lastKnownFileType = sourcecode.swift; path = PreviewModel.swift; sourceTree = "<group>"; };
		C57C261C2A1F4AEF00E73FCB /* TagTitle.swift */ = {isa = PBXFileReference; lastKnownFileType = sourcecode.swift; path = TagTitle.swift; sourceTree = "<group>"; };
		C57C261E2A1F51F800E73FCB /* ShopClipping.swift */ = {isa = PBXFileReference; lastKnownFileType = sourcecode.swift; path = ShopClipping.swift; sourceTree = "<group>"; };
		C57FFDF52A175D80008FB923 /* VerticalPageTabView.swift */ = {isa = PBXFileReference; lastKnownFileType = sourcecode.swift; path = VerticalPageTabView.swift; sourceTree = "<group>"; };
		C58C0DE52A1DEB7200167C8E /* LoginResponse.swift */ = {isa = PBXFileReference; lastKnownFileType = sourcecode.swift; path = LoginResponse.swift; sourceTree = "<group>"; };
		C58C0DE92A1DEC6500167C8E /* APIService.swift */ = {isa = PBXFileReference; lastKnownFileType = sourcecode.swift; path = APIService.swift; sourceTree = "<group>"; };
		C58C0DEB2A1DEC6E00167C8E /* APIError.swift */ = {isa = PBXFileReference; lastKnownFileType = sourcecode.swift; path = APIError.swift; sourceTree = "<group>"; };
		C58C0DED2A1E328400167C8E /* UserRequest.swift */ = {isa = PBXFileReference; lastKnownFileType = sourcecode.swift; path = UserRequest.swift; sourceTree = "<group>"; };
		C58C0DEF2A1E33F100167C8E /* UserPreferenceStartResponse.swift */ = {isa = PBXFileReference; lastKnownFileType = sourcecode.swift; path = UserPreferenceStartResponse.swift; sourceTree = "<group>"; };
		C58C0DF12A1E389700167C8E /* UserPreferenceRequest.swift */ = {isa = PBXFileReference; lastKnownFileType = sourcecode.swift; path = UserPreferenceRequest.swift; sourceTree = "<group>"; };
		C58C0DF32A1E38E300167C8E /* UserPrefereceResponse.swift */ = {isa = PBXFileReference; lastKnownFileType = sourcecode.swift; path = UserPrefereceResponse.swift; sourceTree = "<group>"; };
		C58C0DF52A1E3BC700167C8E /* GameStartRequest.swift */ = {isa = PBXFileReference; lastKnownFileType = sourcecode.swift; path = GameStartRequest.swift; sourceTree = "<group>"; };
		C58C0DF72A1E3C2400167C8E /* TagPair.swift */ = {isa = PBXFileReference; lastKnownFileType = sourcecode.swift; path = TagPair.swift; sourceTree = "<group>"; };
		C58C0DF92A1E3CDA00167C8E /* GameResponse.swift */ = {isa = PBXFileReference; lastKnownFileType = sourcecode.swift; path = GameResponse.swift; sourceTree = "<group>"; };
		C58C0DFB2A1E3E8B00167C8E /* GameRequest.swift */ = {isa = PBXFileReference; lastKnownFileType = sourcecode.swift; path = GameRequest.swift; sourceTree = "<group>"; };
		C58C0DFD2A1E3F2100167C8E /* ShopCardResponse.swift */ = {isa = PBXFileReference; lastKnownFileType = sourcecode.swift; path = ShopCardResponse.swift; sourceTree = "<group>"; };
		C58C0DFF2A1E3F6300167C8E /* ShopDetailResponse.swift */ = {isa = PBXFileReference; lastKnownFileType = sourcecode.swift; path = ShopDetailResponse.swift; sourceTree = "<group>"; };
		C58C0E012A1E413C00167C8E /* GameEndResponse.swift */ = {isa = PBXFileReference; lastKnownFileType = sourcecode.swift; path = GameEndResponse.swift; sourceTree = "<group>"; };
		C58C0E032A1E46CC00167C8E /* ShopOrClippingRequest.swift */ = {isa = PBXFileReference; lastKnownFileType = sourcecode.swift; path = ShopOrClippingRequest.swift; sourceTree = "<group>"; };
		C58C0E052A1E48DB00167C8E /* SimpleShopRequest.swift */ = {isa = PBXFileReference; lastKnownFileType = sourcecode.swift; path = SimpleShopRequest.swift; sourceTree = "<group>"; };
		C58C0E072A1E49BE00167C8E /* SimpleShopResponse.swift */ = {isa = PBXFileReference; lastKnownFileType = sourcecode.swift; path = SimpleShopResponse.swift; sourceTree = "<group>"; };
		C58C0E092A1F06B200167C8E /* UserAnalyzeResponse.swift */ = {isa = PBXFileReference; lastKnownFileType = sourcecode.swift; path = UserAnalyzeResponse.swift; sourceTree = "<group>"; };
		C58C0E0B2A1F06C700167C8E /* ShopSimple.swift */ = {isa = PBXFileReference; lastKnownFileType = sourcecode.swift; path = ShopSimple.swift; sourceTree = "<group>"; };
		C58C0E0D2A1F094000167C8E /* UserNicknameResponse.swift */ = {isa = PBXFileReference; lastKnownFileType = sourcecode.swift; path = UserNicknameResponse.swift; sourceTree = "<group>"; };
		C58C0E0F2A1F0A3200167C8E /* UserNicknameChangeRequest.swift */ = {isa = PBXFileReference; lastKnownFileType = sourcecode.swift; path = UserNicknameChangeRequest.swift; sourceTree = "<group>"; };
		C58C0E112A1F0AA900167C8E /* UserNicknameChangeResponse.swift */ = {isa = PBXFileReference; lastKnownFileType = sourcecode.swift; path = UserNicknameChangeResponse.swift; sourceTree = "<group>"; };
		C58C0E172A1F107400167C8E /* CilppingDoResponse.swift */ = {isa = PBXFileReference; lastKnownFileType = sourcecode.swift; path = CilppingDoResponse.swift; sourceTree = "<group>"; };
		C58C0E192A1F167200167C8E /* APIFunction.swift */ = {isa = PBXFileReference; lastKnownFileType = sourcecode.swift; path = APIFunction.swift; sourceTree = "<group>"; };
		C58F418329FDD7F900A98B2F /* StartView.swift */ = {isa = PBXFileReference; lastKnownFileType = sourcecode.swift; path = StartView.swift; sourceTree = "<group>"; };
		C58F418829FDD84100A98B2F /* BackgroundModifier.swift */ = {isa = PBXFileReference; lastKnownFileType = sourcecode.swift; path = BackgroundModifier.swift; sourceTree = "<group>"; };
		C58F419129FDEA5300A98B2F /* Info.plist */ = {isa = PBXFileReference; lastKnownFileType = text.plist; path = Info.plist; sourceTree = "<group>"; };
		C58F419229FF9E5400A98B2F /* MenuView.swift */ = {isa = PBXFileReference; lastKnownFileType = sourcecode.swift; path = MenuView.swift; sourceTree = "<group>"; };
		C58F419729FFB52D00A98B2F /* UserViewModel.swift */ = {isa = PBXFileReference; lastKnownFileType = sourcecode.swift; path = UserViewModel.swift; sourceTree = "<group>"; };
		C58F419929FFC17C00A98B2F /* CherryPickView.swift */ = {isa = PBXFileReference; lastKnownFileType = sourcecode.swift; path = CherryPickView.swift; sourceTree = "<group>"; };
		C59D211729C9D83A00275DBA /* CherryPicker.app */ = {isa = PBXFileReference; explicitFileType = wrapper.application; includeInIndex = 0; path = CherryPicker.app; sourceTree = BUILT_PRODUCTS_DIR; };
		C59D211A29C9D83A00275DBA /* CherryPickerApp.swift */ = {isa = PBXFileReference; lastKnownFileType = sourcecode.swift; path = CherryPickerApp.swift; sourceTree = "<group>"; };
		C59D211E29C9D83B00275DBA /* Assets.xcassets */ = {isa = PBXFileReference; lastKnownFileType = folder.assetcatalog; path = Assets.xcassets; sourceTree = "<group>"; };
		C59D212129C9D83B00275DBA /* Preview Assets.xcassets */ = {isa = PBXFileReference; lastKnownFileType = folder.assetcatalog; path = "Preview Assets.xcassets"; sourceTree = "<group>"; };
		C5B579742A0A65A10034BA8E /* WithdrawalView.swift */ = {isa = PBXFileReference; lastKnownFileType = sourcecode.swift; path = WithdrawalView.swift; sourceTree = "<group>"; };
		C5B96CB02A1116CB00045C93 /* ParticleEffectModifier.swift */ = {isa = PBXFileReference; lastKnownFileType = sourcecode.swift; path = ParticleEffectModifier.swift; sourceTree = "<group>"; };
		C5C2D4662A1F89F600266DD8 /* ErrorView.swift */ = {isa = PBXFileReference; lastKnownFileType = sourcecode.swift; path = ErrorView.swift; sourceTree = "<group>"; };
		C5C867BA2A1DE46C00BC486E /* APIURL.swift */ = {isa = PBXFileReference; lastKnownFileType = sourcecode.swift; path = APIURL.swift; sourceTree = "<group>"; };
		C5DF79772A0363780061DAD0 /* AppView.swift */ = {isa = PBXFileReference; lastKnownFileType = sourcecode.swift; path = AppView.swift; sourceTree = "<group>"; };
		C5F792612A17059C0081F63A /* RollingTextView.swift */ = {isa = PBXFileReference; lastKnownFileType = sourcecode.swift; path = RollingTextView.swift; sourceTree = "<group>"; };
		C5FFC65D2A076E9100933C9D /* UserPreferenceView.swift */ = {isa = PBXFileReference; lastKnownFileType = sourcecode.swift; path = UserPreferenceView.swift; sourceTree = "<group>"; };
		C5FFC6612A07B53100933C9D /* RadarChartView.swift */ = {isa = PBXFileReference; lastKnownFileType = sourcecode.swift; path = RadarChartView.swift; sourceTree = "<group>"; };
/* End PBXFileReference section */

/* Begin PBXFrameworksBuildPhase section */
		C59D211429C9D83A00275DBA /* Frameworks */ = {
			isa = PBXFrameworksBuildPhase;
			buildActionMask = 2147483647;
			files = (
				C58F418E29FDE8C600A98B2F /* KakaoSDKCommon in Frameworks */,
				C58F418C29FDE8C600A98B2F /* KakaoSDKAuth in Frameworks */,
				C58F419029FDE8C600A98B2F /* KakaoSDKUser in Frameworks */,
			);
			runOnlyForDeploymentPostprocessing = 0;
		};
/* End PBXFrameworksBuildPhase section */

/* Begin PBXGroup section */
		C58C0DE42A1DEB5E00167C8E /* Model */ = {
			isa = PBXGroup;
			children = (
				C58C0DE52A1DEB7200167C8E /* LoginResponse.swift */,
				C58C0DED2A1E328400167C8E /* UserRequest.swift */,
				C58C0DEF2A1E33F100167C8E /* UserPreferenceStartResponse.swift */,
				C58C0DF12A1E389700167C8E /* UserPreferenceRequest.swift */,
				C58C0DF32A1E38E300167C8E /* UserPrefereceResponse.swift */,
				C58C0DF52A1E3BC700167C8E /* GameStartRequest.swift */,
				C58C0DF92A1E3CDA00167C8E /* GameResponse.swift */,
				C58C0DFF2A1E3F6300167C8E /* ShopDetailResponse.swift */,
				C58C0E012A1E413C00167C8E /* GameEndResponse.swift */,
				C58C0DF72A1E3C2400167C8E /* TagPair.swift */,
				C58C0DFB2A1E3E8B00167C8E /* GameRequest.swift */,
				C58C0E032A1E46CC00167C8E /* ShopOrClippingRequest.swift */,
				C58C0E052A1E48DB00167C8E /* SimpleShopRequest.swift */,
				C58C0E072A1E49BE00167C8E /* SimpleShopResponse.swift */,
				C58C0E0B2A1F06C700167C8E /* ShopSimple.swift */,
				C58C0DFD2A1E3F2100167C8E /* ShopCardResponse.swift */,
				C58C0E092A1F06B200167C8E /* UserAnalyzeResponse.swift */,
				C58C0E0D2A1F094000167C8E /* UserNicknameResponse.swift */,
				C58C0E112A1F0AA900167C8E /* UserNicknameChangeResponse.swift */,
				C58C0E0F2A1F0A3200167C8E /* UserNicknameChangeRequest.swift */,
				C58C0E172A1F107400167C8E /* CilppingDoResponse.swift */,
				C57C261C2A1F4AEF00E73FCB /* TagTitle.swift */,
				C57C261E2A1F51F800E73FCB /* ShopClipping.swift */,
			);
			path = Model;
			sourceTree = "<group>";
		};
		C58F418229FDD7DF00A98B2F /* View */ = {
			isa = PBXGroup;
			children = (
				C58F418329FDD7F900A98B2F /* StartView.swift */,
				C58F419229FF9E5400A98B2F /* MenuView.swift */,
				C5FFC65D2A076E9100933C9D /* UserPreferenceView.swift */,
				C5550F4D2A09EF3B005F9335 /* RestaurantListView.swift */,
				C5B579742A0A65A10034BA8E /* WithdrawalView.swift */,
				C58F419929FFC17C00A98B2F /* CherryPickView.swift */,
				C507595B2A029C6E00D7182E /* RestaurantDetailView.swift */,
				C5DF79772A0363780061DAD0 /* AppView.swift */,
				C5C2D4662A1F89F600266DD8 /* ErrorView.swift */,
			);
			path = View;
			sourceTree = "<group>";
		};
		C58F418529FDD81400A98B2F /* Modifier */ = {
			isa = PBXGroup;
			children = (
				C58F418829FDD84100A98B2F /* BackgroundModifier.swift */,
				C5B96CB02A1116CB00045C93 /* ParticleEffectModifier.swift */,
				C50989CB2A20678800CC1C23 /* ErrorViewModifier.swift */,
			);
			path = Modifier;
			sourceTree = "<group>";
		};
		C58F419629FFB51400A98B2F /* ViewModel */ = {
			isa = PBXGroup;
			children = (
				C58F419729FFB52D00A98B2F /* UserViewModel.swift */,
			);
			path = ViewModel;
			sourceTree = "<group>";
		};
		C59D210E29C9D83A00275DBA = {
			isa = PBXGroup;
			children = (
				C59D211929C9D83A00275DBA /* CherryPicker */,
				C59D211829C9D83A00275DBA /* Products */,
			);
			sourceTree = "<group>";
		};
		C59D211829C9D83A00275DBA /* Products */ = {
			isa = PBXGroup;
			children = (
				C59D211729C9D83A00275DBA /* CherryPicker.app */,
			);
			name = Products;
			sourceTree = "<group>";
		};
		C59D211929C9D83A00275DBA /* CherryPicker */ = {
			isa = PBXGroup;
			children = (
				C58C0DE42A1DEB5E00167C8E /* Model */,
				C5C867B92A1DE45A00BC486E /* API */,
				C5B579762A0B61BD0034BA8E /* ComponentView */,
				C58F419129FDEA5300A98B2F /* Info.plist */,
				C58F419629FFB51400A98B2F /* ViewModel */,
				C58F418529FDD81400A98B2F /* Modifier */,
				C58F418229FDD7DF00A98B2F /* View */,
				C59D211A29C9D83A00275DBA /* CherryPickerApp.swift */,
				C59D211E29C9D83B00275DBA /* Assets.xcassets */,
				C59D212029C9D83B00275DBA /* Preview Content */,
			);
			path = CherryPicker;
			sourceTree = "<group>";
		};
		C59D212029C9D83B00275DBA /* Preview Content */ = {
			isa = PBXGroup;
			children = (
				C59D212129C9D83B00275DBA /* Preview Assets.xcassets */,
				C57C261A2A1F484F00E73FCB /* PreviewModel.swift */,
			);
			path = "Preview Content";
			sourceTree = "<group>";
		};
		C5B579762A0B61BD0034BA8E /* ComponentView */ = {
			isa = PBXGroup;
			children = (
				C5FFC6612A07B53100933C9D /* RadarChartView.swift */,
				C507595D2A02AC9800D7182E /* KeywordTagsView.swift */,
				C5F792612A17059C0081F63A /* RollingTextView.swift */,
				C57FFDF52A175D80008FB923 /* VerticalPageTabView.swift */,
			);
			path = ComponentView;
			sourceTree = "<group>";
		};
		C5C867B92A1DE45A00BC486E /* API */ = {
			isa = PBXGroup;
			children = (
				C5C867BA2A1DE46C00BC486E /* APIURL.swift */,
				C58C0DE92A1DEC6500167C8E /* APIService.swift */,
				C58C0E192A1F167200167C8E /* APIFunction.swift */,
				C58C0DEB2A1DEC6E00167C8E /* APIError.swift */,
			);
			path = API;
			sourceTree = "<group>";
		};
/* End PBXGroup section */

/* Begin PBXNativeTarget section */
		C59D211629C9D83A00275DBA /* CherryPicker */ = {
			isa = PBXNativeTarget;
			buildConfigurationList = C59D212529C9D83B00275DBA /* Build configuration list for PBXNativeTarget "CherryPicker" */;
			buildPhases = (
				C59D211329C9D83A00275DBA /* Sources */,
				C59D211429C9D83A00275DBA /* Frameworks */,
				C59D211529C9D83A00275DBA /* Resources */,
			);
			buildRules = (
			);
			dependencies = (
			);
			name = CherryPicker;
			packageProductDependencies = (
				C58F418B29FDE8C600A98B2F /* KakaoSDKAuth */,
				C58F418D29FDE8C600A98B2F /* KakaoSDKCommon */,
				C58F418F29FDE8C600A98B2F /* KakaoSDKUser */,
			);
			productName = CherryPicker;
			productReference = C59D211729C9D83A00275DBA /* CherryPicker.app */;
			productType = "com.apple.product-type.application";
		};
/* End PBXNativeTarget section */

/* Begin PBXProject section */
		C59D210F29C9D83A00275DBA /* Project object */ = {
			isa = PBXProject;
			attributes = {
				BuildIndependentTargetsInParallel = 1;
				LastSwiftUpdateCheck = 1420;
				LastUpgradeCheck = 1420;
				TargetAttributes = {
					C59D211629C9D83A00275DBA = {
						CreatedOnToolsVersion = 14.2;
					};
				};
			};
			buildConfigurationList = C59D211229C9D83A00275DBA /* Build configuration list for PBXProject "CherryPicker" */;
			compatibilityVersion = "Xcode 14.0";
			developmentRegion = en;
			hasScannedForEncodings = 0;
			knownRegions = (
				en,
				Base,
			);
			mainGroup = C59D210E29C9D83A00275DBA;
			packageReferences = (
				C58F418A29FDE8C600A98B2F /* XCRemoteSwiftPackageReference "kakao-ios-sdk" */,
			);
			productRefGroup = C59D211829C9D83A00275DBA /* Products */;
			projectDirPath = "";
			projectRoot = "";
			targets = (
				C59D211629C9D83A00275DBA /* CherryPicker */,
			);
		};
/* End PBXProject section */

/* Begin PBXResourcesBuildPhase section */
		C59D211529C9D83A00275DBA /* Resources */ = {
			isa = PBXResourcesBuildPhase;
			buildActionMask = 2147483647;
			files = (
				C59D212229C9D83B00275DBA /* Preview Assets.xcassets in Resources */,
				C59D211F29C9D83B00275DBA /* Assets.xcassets in Resources */,
			);
			runOnlyForDeploymentPostprocessing = 0;
		};
/* End PBXResourcesBuildPhase section */

/* Begin PBXSourcesBuildPhase section */
		C59D211329C9D83A00275DBA /* Sources */ = {
			isa = PBXSourcesBuildPhase;
			buildActionMask = 2147483647;
			files = (
				C57C261D2A1F4AEF00E73FCB /* TagTitle.swift in Sources */,
				C5B579752A0A65A10034BA8E /* WithdrawalView.swift in Sources */,
				C58C0DF62A1E3BC700167C8E /* GameStartRequest.swift in Sources */,
				C58C0DEA2A1DEC6500167C8E /* APIService.swift in Sources */,
				C58C0E0C2A1F06C700167C8E /* ShopSimple.swift in Sources */,
				C58C0E102A1F0A3200167C8E /* UserNicknameChangeRequest.swift in Sources */,
				C5FFC65E2A076E9100933C9D /* UserPreferenceView.swift in Sources */,
				C58C0DE62A1DEB7200167C8E /* LoginResponse.swift in Sources */,
				C5F792622A17059C0081F63A /* RollingTextView.swift in Sources */,
				C57C261B2A1F484F00E73FCB /* PreviewModel.swift in Sources */,
				C58C0E0E2A1F094000167C8E /* UserNicknameResponse.swift in Sources */,
				C58F419A29FFC17C00A98B2F /* CherryPickView.swift in Sources */,
				C58C0DFC2A1E3E8B00167C8E /* GameRequest.swift in Sources */,
				C58C0DF02A1E33F100167C8E /* UserPreferenceStartResponse.swift in Sources */,
				C5B96CB12A1116CB00045C93 /* ParticleEffectModifier.swift in Sources */,
				C507595C2A029C6F00D7182E /* RestaurantDetailView.swift in Sources */,
				C50989CC2A20678800CC1C23 /* ErrorViewModifier.swift in Sources */,
				C58C0E082A1E49BE00167C8E /* SimpleShopResponse.swift in Sources */,
				C5550F4E2A09EF3B005F9335 /* RestaurantListView.swift in Sources */,
				C5DF79782A0363780061DAD0 /* AppView.swift in Sources */,
				C58C0E042A1E46CC00167C8E /* ShopOrClippingRequest.swift in Sources */,
				C58F418429FDD7F900A98B2F /* StartView.swift in Sources */,
				C57C261F2A1F51F800E73FCB /* ShopClipping.swift in Sources */,
				C58C0DFE2A1E3F2100167C8E /* ShopCardResponse.swift in Sources */,
				C58C0E022A1E413C00167C8E /* GameEndResponse.swift in Sources */,
				C58C0E002A1E3F6300167C8E /* ShopDetailResponse.swift in Sources */,
				C5C2D4672A1F89F600266DD8 /* ErrorView.swift in Sources */,
				C58C0DFA2A1E3CDA00167C8E /* GameResponse.swift in Sources */,
				C58C0E122A1F0AA900167C8E /* UserNicknameChangeResponse.swift in Sources */,
				C58C0DF22A1E389700167C8E /* UserPreferenceRequest.swift in Sources */,
				C58F419329FF9E5400A98B2F /* MenuView.swift in Sources */,
				C58C0E1A2A1F167200167C8E /* APIFunction.swift in Sources */,
				C58C0DEE2A1E328400167C8E /* UserRequest.swift in Sources */,
				C58C0DF82A1E3C2400167C8E /* TagPair.swift in Sources */,
				C5C867BB2A1DE46C00BC486E /* APIURL.swift in Sources */,
				C58C0DEC2A1DEC6E00167C8E /* APIError.swift in Sources */,
				C58F418929FDD84100A98B2F /* BackgroundModifier.swift in Sources */,
				C58F419829FFB52D00A98B2F /* UserViewModel.swift in Sources */,
				C58C0E062A1E48DB00167C8E /* SimpleShopRequest.swift in Sources */,
				C58C0E0A2A1F06B200167C8E /* UserAnalyzeResponse.swift in Sources */,
				C59D211B29C9D83A00275DBA /* CherryPickerApp.swift in Sources */,
				C58C0E182A1F107400167C8E /* CilppingDoResponse.swift in Sources */,
				C57FFDF62A175D80008FB923 /* VerticalPageTabView.swift in Sources */,
				C58C0DF42A1E38E300167C8E /* UserPrefereceResponse.swift in Sources */,
				C507595E2A02AC9800D7182E /* KeywordTagsView.swift in Sources */,
				C5FFC6622A07B53100933C9D /* RadarChartView.swift in Sources */,
			);
			runOnlyForDeploymentPostprocessing = 0;
		};
/* End PBXSourcesBuildPhase section */

/* Begin XCBuildConfiguration section */
		C59D212329C9D83B00275DBA /* Debug */ = {
			isa = XCBuildConfiguration;
			buildSettings = {
				ALWAYS_SEARCH_USER_PATHS = NO;
				CLANG_ANALYZER_NONNULL = YES;
				CLANG_ANALYZER_NUMBER_OBJECT_CONVERSION = YES_AGGRESSIVE;
				CLANG_CXX_LANGUAGE_STANDARD = "gnu++20";
				CLANG_ENABLE_MODULES = YES;
				CLANG_ENABLE_OBJC_ARC = YES;
				CLANG_ENABLE_OBJC_WEAK = YES;
				CLANG_WARN_BLOCK_CAPTURE_AUTORELEASING = YES;
				CLANG_WARN_BOOL_CONVERSION = YES;
				CLANG_WARN_COMMA = YES;
				CLANG_WARN_CONSTANT_CONVERSION = YES;
				CLANG_WARN_DEPRECATED_OBJC_IMPLEMENTATIONS = YES;
				CLANG_WARN_DIRECT_OBJC_ISA_USAGE = YES_ERROR;
				CLANG_WARN_DOCUMENTATION_COMMENTS = YES;
				CLANG_WARN_EMPTY_BODY = YES;
				CLANG_WARN_ENUM_CONVERSION = YES;
				CLANG_WARN_INFINITE_RECURSION = YES;
				CLANG_WARN_INT_CONVERSION = YES;
				CLANG_WARN_NON_LITERAL_NULL_CONVERSION = YES;
				CLANG_WARN_OBJC_IMPLICIT_RETAIN_SELF = YES;
				CLANG_WARN_OBJC_LITERAL_CONVERSION = YES;
				CLANG_WARN_OBJC_ROOT_CLASS = YES_ERROR;
				CLANG_WARN_QUOTED_INCLUDE_IN_FRAMEWORK_HEADER = YES;
				CLANG_WARN_RANGE_LOOP_ANALYSIS = YES;
				CLANG_WARN_STRICT_PROTOTYPES = YES;
				CLANG_WARN_SUSPICIOUS_MOVE = YES;
				CLANG_WARN_UNGUARDED_AVAILABILITY = YES_AGGRESSIVE;
				CLANG_WARN_UNREACHABLE_CODE = YES;
				CLANG_WARN__DUPLICATE_METHOD_MATCH = YES;
				COPY_PHASE_STRIP = NO;
				DEBUG_INFORMATION_FORMAT = dwarf;
				ENABLE_STRICT_OBJC_MSGSEND = YES;
				ENABLE_TESTABILITY = YES;
				GCC_C_LANGUAGE_STANDARD = gnu11;
				GCC_DYNAMIC_NO_PIC = NO;
				GCC_NO_COMMON_BLOCKS = YES;
				GCC_OPTIMIZATION_LEVEL = 0;
				GCC_PREPROCESSOR_DEFINITIONS = (
					"DEBUG=1",
					"$(inherited)",
				);
				GCC_WARN_64_TO_32_BIT_CONVERSION = YES;
				GCC_WARN_ABOUT_RETURN_TYPE = YES_ERROR;
				GCC_WARN_UNDECLARED_SELECTOR = YES;
				GCC_WARN_UNINITIALIZED_AUTOS = YES_AGGRESSIVE;
				GCC_WARN_UNUSED_FUNCTION = YES;
				GCC_WARN_UNUSED_VARIABLE = YES;
				IPHONEOS_DEPLOYMENT_TARGET = 16.2;
				MTL_ENABLE_DEBUG_INFO = INCLUDE_SOURCE;
				MTL_FAST_MATH = YES;
				ONLY_ACTIVE_ARCH = YES;
				SDKROOT = iphoneos;
				SWIFT_ACTIVE_COMPILATION_CONDITIONS = DEBUG;
				SWIFT_OPTIMIZATION_LEVEL = "-Onone";
			};
			name = Debug;
		};
		C59D212429C9D83B00275DBA /* Release */ = {
			isa = XCBuildConfiguration;
			buildSettings = {
				ALWAYS_SEARCH_USER_PATHS = NO;
				CLANG_ANALYZER_NONNULL = YES;
				CLANG_ANALYZER_NUMBER_OBJECT_CONVERSION = YES_AGGRESSIVE;
				CLANG_CXX_LANGUAGE_STANDARD = "gnu++20";
				CLANG_ENABLE_MODULES = YES;
				CLANG_ENABLE_OBJC_ARC = YES;
				CLANG_ENABLE_OBJC_WEAK = YES;
				CLANG_WARN_BLOCK_CAPTURE_AUTORELEASING = YES;
				CLANG_WARN_BOOL_CONVERSION = YES;
				CLANG_WARN_COMMA = YES;
				CLANG_WARN_CONSTANT_CONVERSION = YES;
				CLANG_WARN_DEPRECATED_OBJC_IMPLEMENTATIONS = YES;
				CLANG_WARN_DIRECT_OBJC_ISA_USAGE = YES_ERROR;
				CLANG_WARN_DOCUMENTATION_COMMENTS = YES;
				CLANG_WARN_EMPTY_BODY = YES;
				CLANG_WARN_ENUM_CONVERSION = YES;
				CLANG_WARN_INFINITE_RECURSION = YES;
				CLANG_WARN_INT_CONVERSION = YES;
				CLANG_WARN_NON_LITERAL_NULL_CONVERSION = YES;
				CLANG_WARN_OBJC_IMPLICIT_RETAIN_SELF = YES;
				CLANG_WARN_OBJC_LITERAL_CONVERSION = YES;
				CLANG_WARN_OBJC_ROOT_CLASS = YES_ERROR;
				CLANG_WARN_QUOTED_INCLUDE_IN_FRAMEWORK_HEADER = YES;
				CLANG_WARN_RANGE_LOOP_ANALYSIS = YES;
				CLANG_WARN_STRICT_PROTOTYPES = YES;
				CLANG_WARN_SUSPICIOUS_MOVE = YES;
				CLANG_WARN_UNGUARDED_AVAILABILITY = YES_AGGRESSIVE;
				CLANG_WARN_UNREACHABLE_CODE = YES;
				CLANG_WARN__DUPLICATE_METHOD_MATCH = YES;
				COPY_PHASE_STRIP = NO;
				DEBUG_INFORMATION_FORMAT = "dwarf-with-dsym";
				ENABLE_NS_ASSERTIONS = NO;
				ENABLE_STRICT_OBJC_MSGSEND = YES;
				GCC_C_LANGUAGE_STANDARD = gnu11;
				GCC_NO_COMMON_BLOCKS = YES;
				GCC_WARN_64_TO_32_BIT_CONVERSION = YES;
				GCC_WARN_ABOUT_RETURN_TYPE = YES_ERROR;
				GCC_WARN_UNDECLARED_SELECTOR = YES;
				GCC_WARN_UNINITIALIZED_AUTOS = YES_AGGRESSIVE;
				GCC_WARN_UNUSED_FUNCTION = YES;
				GCC_WARN_UNUSED_VARIABLE = YES;
				IPHONEOS_DEPLOYMENT_TARGET = 16.2;
				MTL_ENABLE_DEBUG_INFO = NO;
				MTL_FAST_MATH = YES;
				SDKROOT = iphoneos;
				SWIFT_COMPILATION_MODE = wholemodule;
				SWIFT_OPTIMIZATION_LEVEL = "-O";
				VALIDATE_PRODUCT = YES;
			};
			name = Release;
		};
		C59D212629C9D83B00275DBA /* Debug */ = {
			isa = XCBuildConfiguration;
			buildSettings = {
				ASSETCATALOG_COMPILER_APPICON_NAME = AppIcon;
				ASSETCATALOG_COMPILER_GLOBAL_ACCENT_COLOR_NAME = AccentColor;
				CODE_SIGN_STYLE = Automatic;
				CURRENT_PROJECT_VERSION = 1;
				DEVELOPMENT_ASSET_PATHS = "\"CherryPicker/Preview Content\"";
				DEVELOPMENT_TEAM = FNC65X95VM;
				ENABLE_PREVIEWS = YES;
				GENERATE_INFOPLIST_FILE = YES;
				INFOPLIST_FILE = CherryPicker/Info.plist;
				INFOPLIST_KEY_CFBundleDisplayName = "체리피커";
				INFOPLIST_KEY_UIApplicationSceneManifest_Generation = YES;
				INFOPLIST_KEY_UIApplicationSupportsIndirectInputEvents = YES;
				INFOPLIST_KEY_UILaunchScreen_Generation = YES;
				INFOPLIST_KEY_UISupportedInterfaceOrientations_iPad = "UIInterfaceOrientationPortrait UIInterfaceOrientationPortraitUpsideDown UIInterfaceOrientationLandscapeLeft UIInterfaceOrientationLandscapeRight";
				INFOPLIST_KEY_UISupportedInterfaceOrientations_iPhone = UIInterfaceOrientationPortrait;
				IPHONEOS_DEPLOYMENT_TARGET = 16.0;
				LD_RUNPATH_SEARCH_PATHS = (
					"$(inherited)",
					"@executable_path/Frameworks",
				);
				MARKETING_VERSION = 1.0.0;
				PRODUCT_BUNDLE_IDENTIFIER = com.CherryPickerTeam.CherryPicker;
				PRODUCT_NAME = "$(TARGET_NAME)";
				SWIFT_EMIT_LOC_STRINGS = YES;
				SWIFT_VERSION = 5.0;
				TARGETED_DEVICE_FAMILY = "1,2";
			};
			name = Debug;
		};
		C59D212729C9D83B00275DBA /* Release */ = {
			isa = XCBuildConfiguration;
			buildSettings = {
				ASSETCATALOG_COMPILER_APPICON_NAME = AppIcon;
				ASSETCATALOG_COMPILER_GLOBAL_ACCENT_COLOR_NAME = AccentColor;
				CODE_SIGN_STYLE = Automatic;
				CURRENT_PROJECT_VERSION = 1;
				DEVELOPMENT_ASSET_PATHS = "\"CherryPicker/Preview Content\"";
				DEVELOPMENT_TEAM = FNC65X95VM;
				ENABLE_PREVIEWS = YES;
				GENERATE_INFOPLIST_FILE = YES;
				INFOPLIST_FILE = CherryPicker/Info.plist;
				INFOPLIST_KEY_CFBundleDisplayName = "체리피커";
				INFOPLIST_KEY_UIApplicationSceneManifest_Generation = YES;
				INFOPLIST_KEY_UIApplicationSupportsIndirectInputEvents = YES;
				INFOPLIST_KEY_UILaunchScreen_Generation = YES;
				INFOPLIST_KEY_UISupportedInterfaceOrientations_iPad = "UIInterfaceOrientationPortrait UIInterfaceOrientationPortraitUpsideDown UIInterfaceOrientationLandscapeLeft UIInterfaceOrientationLandscapeRight";
				INFOPLIST_KEY_UISupportedInterfaceOrientations_iPhone = UIInterfaceOrientationPortrait;
				IPHONEOS_DEPLOYMENT_TARGET = 16.0;
				LD_RUNPATH_SEARCH_PATHS = (
					"$(inherited)",
					"@executable_path/Frameworks",
				);
				MARKETING_VERSION = 1.0.0;
				PRODUCT_BUNDLE_IDENTIFIER = com.CherryPickerTeam.CherryPicker;
				PRODUCT_NAME = "$(TARGET_NAME)";
				SWIFT_EMIT_LOC_STRINGS = YES;
				SWIFT_VERSION = 5.0;
				TARGETED_DEVICE_FAMILY = "1,2";
			};
			name = Release;
		};
/* End XCBuildConfiguration section */

/* Begin XCConfigurationList section */
		C59D211229C9D83A00275DBA /* Build configuration list for PBXProject "CherryPicker" */ = {
			isa = XCConfigurationList;
			buildConfigurations = (
				C59D212329C9D83B00275DBA /* Debug */,
				C59D212429C9D83B00275DBA /* Release */,
			);
			defaultConfigurationIsVisible = 0;
			defaultConfigurationName = Release;
		};
		C59D212529C9D83B00275DBA /* Build configuration list for PBXNativeTarget "CherryPicker" */ = {
			isa = XCConfigurationList;
			buildConfigurations = (
				C59D212629C9D83B00275DBA /* Debug */,
				C59D212729C9D83B00275DBA /* Release */,
			);
			defaultConfigurationIsVisible = 0;
			defaultConfigurationName = Release;
		};
/* End XCConfigurationList section */

/* Begin XCRemoteSwiftPackageReference section */
		C58F418A29FDE8C600A98B2F /* XCRemoteSwiftPackageReference "kakao-ios-sdk" */ = {
			isa = XCRemoteSwiftPackageReference;
			repositoryURL = "https://github.com/kakao/kakao-ios-sdk";
			requirement = {
				kind = upToNextMajorVersion;
				minimumVersion = 2.0.0;
			};
		};
/* End XCRemoteSwiftPackageReference section */

/* Begin XCSwiftPackageProductDependency section */
		C58F418B29FDE8C600A98B2F /* KakaoSDKAuth */ = {
			isa = XCSwiftPackageProductDependency;
			package = C58F418A29FDE8C600A98B2F /* XCRemoteSwiftPackageReference "kakao-ios-sdk" */;
			productName = KakaoSDKAuth;
		};
		C58F418D29FDE8C600A98B2F /* KakaoSDKCommon */ = {
			isa = XCSwiftPackageProductDependency;
			package = C58F418A29FDE8C600A98B2F /* XCRemoteSwiftPackageReference "kakao-ios-sdk" */;
			productName = KakaoSDKCommon;
		};
		C58F418F29FDE8C600A98B2F /* KakaoSDKUser */ = {
			isa = XCSwiftPackageProductDependency;
			package = C58F418A29FDE8C600A98B2F /* XCRemoteSwiftPackageReference "kakao-ios-sdk" */;
			productName = KakaoSDKUser;
		};
/* End XCSwiftPackageProductDependency section */
	};
	rootObject = C59D210F29C9D83A00275DBA /* Project object */;
}
